
Microsoft Visual Studio Solution File, Format Version 12.00
# Visual Studio Version 17
VisualStudioVersion = 17.6.33723.286
MinimumVisualStudioVersion = 10.0.40219.1
Project("{9A19103F-16F7-4668-BE54-9A1E7A4F7556}") = "AspNetChat.Business", "src\AspNetChat.Business\AspNetChat.Business.csproj", "{86AAB95D-11D6-4D4B-9675-CE7E942FF480}"
EndProject
Project("{9A19103F-16F7-4668-BE54-9A1E7A4F7556}") = "AspNetChat.DataAccess", "src\AspNetChat.DataAccess\AspNetChat.DataAccess.csproj", "{08F5AC3B-AB2F-468E-AE5B-D48FF0FC9470}"
EndProject
Project("{9A19103F-16F7-4668-BE54-9A1E7A4F7556}") = "AspNetChat.Api", "src\AspNetChat.Api\AspNetChat.Api.csproj", "{98642FC3-A1A2-4472-ACAC-178496C77DD3}"
EndProject
Project("{9A19103F-16F7-4668-BE54-9A1E7A4F7556}") = "AspNetChat.Models", "src\AspNetChat.Models\AspNetChat.Models.csproj", "{B5C1473E-EE0D-4712-B703-E2B5470FB46C}"
EndProject
Project("{FAE04EC0-301F-11D3-BF4B-00C04F79EFBC}") = "AspNetChat.Business.UnitTests", "src\AspNetChat.Business.UnitTests\AspNetChat.Business.UnitTests.csproj", "{80CA7C44-AC44-4713-9F58-78A1ADEE574F}"
EndProject
Project("{FAE04EC0-301F-11D3-BF4B-00C04F79EFBC}") = "AspNetChat.Api.IntegrationTests", "src\AspNetChat.Api.IntegrationTests\AspNetChat.Api.IntegrationTests.csproj", "{506A2E48-74CF-44BB-9C8A-93033E9D75A1}"
EndProject
Global
	GlobalSection(SolutionConfigurationPlatforms) = preSolution
		Debug|Any CPU = Debug|Any CPU
		Release|Any CPU = Release|Any CPU
	EndGlobalSection
	GlobalSection(ProjectConfigurationPlatforms) = postSolution
		{86AAB95D-11D6-4D4B-9675-CE7E942FF480}.Debug|Any CPU.ActiveCfg = Debug|Any CPU
		{86AAB95D-11D6-4D4B-9675-CE7E942FF480}.Debug|Any CPU.Build.0 = Debug|Any CPU
		{86AAB95D-11D6-4D4B-9675-CE7E942FF480}.Release|Any CPU.ActiveCfg = Release|Any CPU
		{86AAB95D-11D6-4D4B-9675-CE7E942FF480}.Release|Any CPU.Build.0 = Release|Any CPU
		{08F5AC3B-AB2F-468E-AE5B-D48FF0FC9470}.Debug|Any CPU.ActiveCfg = Debug|Any CPU
		{08F5AC3B-AB2F-468E-AE5B-D48FF0FC9470}.Debug|Any CPU.Build.0 = Debug|Any CPU
		{08F5AC3B-AB2F-468E-AE5B-D48FF0FC9470}.Release|Any CPU.ActiveCfg = Release|Any CPU
		{08F5AC3B-AB2F-468E-AE5B-D48FF0FC9470}.Release|Any CPU.Build.0 = Release|Any CPU
		{98642FC3-A1A2-4472-ACAC-178496C77DD3}.Debug|Any CPU.ActiveCfg = Debug|Any CPU
		{98642FC3-A1A2-4472-ACAC-178496C77DD3}.Debug|Any CPU.Build.0 = Debug|Any CPU
		{98642FC3-A1A2-4472-ACAC-178496C77DD3}.Release|Any CPU.ActiveCfg = Release|Any CPU
		{98642FC3-A1A2-4472-ACAC-178496C77DD3}.Release|Any CPU.Build.0 = Release|Any CPU
		{B5C1473E-EE0D-4712-B703-E2B5470FB46C}.Debug|Any CPU.ActiveCfg = Debug|Any CPU
		{B5C1473E-EE0D-4712-B703-E2B5470FB46C}.Debug|Any CPU.Build.0 = Debug|Any CPU
		{B5C1473E-EE0D-4712-B703-E2B5470FB46C}.Release|Any CPU.ActiveCfg = Release|Any CPU
		{B5C1473E-EE0D-4712-B703-E2B5470FB46C}.Release|Any CPU.Build.0 = Release|Any CPU
		{80CA7C44-AC44-4713-9F58-78A1ADEE574F}.Debug|Any CPU.ActiveCfg = Debug|Any CPU
		{80CA7C44-AC44-4713-9F58-78A1ADEE574F}.Debug|Any CPU.Build.0 = Debug|Any CPU
		{80CA7C44-AC44-4713-9F58-78A1ADEE574F}.Release|Any CPU.ActiveCfg = Release|Any CPU
		{80CA7C44-AC44-4713-9F58-78A1ADEE574F}.Release|Any CPU.Build.0 = Release|Any CPU
		{506A2E48-74CF-44BB-9C8A-93033E9D75A1}.Debug|Any CPU.ActiveCfg = Debug|Any CPU
		{506A2E48-74CF-44BB-9C8A-93033E9D75A1}.Debug|Any CPU.Build.0 = Debug|Any CPU
		{506A2E48-74CF-44BB-9C8A-93033E9D75A1}.Release|Any CPU.ActiveCfg = Release|Any CPU
		{506A2E48-74CF-44BB-9C8A-93033E9D75A1}.Release|Any CPU.Build.0 = Release|Any CPU
	EndGlobalSection
	GlobalSection(SolutionProperties) = preSolution
		HideSolutionNode = FALSE
	EndGlobalSection
	GlobalSection(ExtensibilityGlobals) = postSolution
		SolutionGuid = {020487EB-40D3-4C49-A7F1-AB31A6B763A2}
	EndGlobalSection
EndGlobal
